// !$*UTF8*$!
{
	archiveVersion = 1;
	classes = {
	};
	objectVersion = 56;
	objects = {

/* Begin PBXBuildFile section */
		64709AD82D3FAF2200318E97 /* quiz.json in Resources */ = {isa = PBXBuildFile; fileRef = 64709AD72D3FAF2200318E97 /* quiz.json */; };
		64709ADA2D3FB62E00318E97 /* OverlayView.swift in Sources */ = {isa = PBXBuildFile; fileRef = 64709AD92D3FB62E00318E97 /* OverlayView.swift */; };
		64AFA7FA2D3E3D6C00F51959 /* QuizAppApp.swift in Sources */ = {isa = PBXBuildFile; fileRef = 64AFA7F92D3E3D6C00F51959 /* QuizAppApp.swift */; };
		64AFA7FE2D3E3D6C00F51959 /* Assets.xcassets in Resources */ = {isa = PBXBuildFile; fileRef = 64AFA7FD2D3E3D6C00F51959 /* Assets.xcassets */; };
		64AFA8012D3E3D6C00F51959 /* Preview Assets.xcassets in Resources */ = {isa = PBXBuildFile; fileRef = 64AFA8002D3E3D6C00F51959 /* Preview Assets.xcassets */; };
		64AFA8032D3E3D6C00F51959 /* Persistence.swift in Sources */ = {isa = PBXBuildFile; fileRef = 64AFA8022D3E3D6C00F51959 /* Persistence.swift */; };
		64AFA8062D3E3D6C00F51959 /* QuizApp.xcdatamodeld in Sources */ = {isa = PBXBuildFile; fileRef = 64AFA8042D3E3D6C00F51959 /* QuizApp.xcdatamodeld */; };
		64AFA8102D3E3D6D00F51959 /* QuizAppTests.swift in Sources */ = {isa = PBXBuildFile; fileRef = 64AFA80F2D3E3D6D00F51959 /* QuizAppTests.swift */; };
		64AFA81A2D3E3D6D00F51959 /* QuizAppUITests.swift in Sources */ = {isa = PBXBuildFile; fileRef = 64AFA8192D3E3D6D00F51959 /* QuizAppUITests.swift */; };
		64AFA81C2D3E3D6D00F51959 /* QuizAppUITestsLaunchTests.swift in Sources */ = {isa = PBXBuildFile; fileRef = 64AFA81B2D3E3D6D00F51959 /* QuizAppUITestsLaunchTests.swift */; };
		64AFA8292D3E3DCC00F51959 /* QuizView.swift in Sources */ = {isa = PBXBuildFile; fileRef = 64AFA8282D3E3DCC00F51959 /* QuizView.swift */; };
		64AFA83A2D3E423300F51959 /* QuizQuestion.swift in Sources */ = {isa = PBXBuildFile; fileRef = 64AFA8392D3E423300F51959 /* QuizQuestion.swift */; };
		64AFA83C2D3E424500F51959 /* QuizViewModel.swift in Sources */ = {isa = PBXBuildFile; fileRef = 64AFA83B2D3E424500F51959 /* QuizViewModel.swift */; };
		64AFA8402D3E47A200F51959 /* TimeView.swift in Sources */ = {isa = PBXBuildFile; fileRef = 64AFA83F2D3E47A200F51959 /* TimeView.swift */; };
		64AFA8422D3E4D5B00F51959 /* CongratsAnimationView.swift in Sources */ = {isa = PBXBuildFile; fileRef = 64AFA8412D3E4D5B00F51959 /* CongratsAnimationView.swift */; };
		64AFA8452D3E4DB500F51959 /* Constants.swift in Sources */ = {isa = PBXBuildFile; fileRef = 64AFA8442D3E4DB500F51959 /* Constants.swift */; };
		64AFA8472D3E4F9D00F51959 /* Background.swift in Sources */ = {isa = PBXBuildFile; fileRef = 64AFA8462D3E4F9D00F51959 /* Background.swift */; };
		64AFA8492D3E508200F51959 /* QuizView+Extension.swift in Sources */ = {isa = PBXBuildFile; fileRef = 64AFA8482D3E508200F51959 /* QuizView+Extension.swift */; };
/* End PBXBuildFile section */

/* Begin PBXContainerItemProxy section */
		64AFA80C2D3E3D6D00F51959 /* PBXContainerItemProxy */ = {
			isa = PBXContainerItemProxy;
			containerPortal = 64AFA7EE2D3E3D6C00F51959 /* Project object */;
			proxyType = 1;
			remoteGlobalIDString = 64AFA7F52D3E3D6C00F51959;
			remoteInfo = QuizApp;
		};
		64AFA8162D3E3D6D00F51959 /* PBXContainerItemProxy */ = {
			isa = PBXContainerItemProxy;
			containerPortal = 64AFA7EE2D3E3D6C00F51959 /* Project object */;
			proxyType = 1;
			remoteGlobalIDString = 64AFA7F52D3E3D6C00F51959;
			remoteInfo = QuizApp;
		};
/* End PBXContainerItemProxy section */

/* Begin PBXFileReference section */
		64709AD72D3FAF2200318E97 /* quiz.json */ = {isa = PBXFileReference; lastKnownFileType = text.json; path = quiz.json; sourceTree = "<group>"; };
		64709AD92D3FB62E00318E97 /* OverlayView.swift */ = {isa = PBXFileReference; lastKnownFileType = sourcecode.swift; path = OverlayView.swift; sourceTree = "<group>"; };
		64AFA7F62D3E3D6C00F51959 /* QuizApp.app */ = {isa = PBXFileReference; explicitFileType = wrapper.application; includeInIndex = 0; path = QuizApp.app; sourceTree = BUILT_PRODUCTS_DIR; };
		64AFA7F92D3E3D6C00F51959 /* QuizAppApp.swift */ = {isa = PBXFileReference; lastKnownFileType = sourcecode.swift; path = QuizAppApp.swift; sourceTree = "<group>"; };
		64AFA7FD2D3E3D6C00F51959 /* Assets.xcassets */ = {isa = PBXFileReference; lastKnownFileType = folder.assetcatalog; path = Assets.xcassets; sourceTree = "<group>"; };
		64AFA8002D3E3D6C00F51959 /* Preview Assets.xcassets */ = {isa = PBXFileReference; lastKnownFileType = folder.assetcatalog; path = "Preview Assets.xcassets"; sourceTree = "<group>"; };
		64AFA8022D3E3D6C00F51959 /* Persistence.swift */ = {isa = PBXFileReference; lastKnownFileType = sourcecode.swift; path = Persistence.swift; sourceTree = "<group>"; };
		64AFA8052D3E3D6C00F51959 /* QuizApp.xcdatamodel */ = {isa = PBXFileReference; lastKnownFileType = wrapper.xcdatamodel; path = QuizApp.xcdatamodel; sourceTree = "<group>"; };
		64AFA80B2D3E3D6D00F51959 /* QuizAppTests.xctest */ = {isa = PBXFileReference; explicitFileType = wrapper.cfbundle; includeInIndex = 0; path = QuizAppTests.xctest; sourceTree = BUILT_PRODUCTS_DIR; };
		64AFA80F2D3E3D6D00F51959 /* QuizAppTests.swift */ = {isa = PBXFileReference; lastKnownFileType = sourcecode.swift; path = QuizAppTests.swift; sourceTree = "<group>"; };
		64AFA8152D3E3D6D00F51959 /* QuizAppUITests.xctest */ = {isa = PBXFileReference; explicitFileType = wrapper.cfbundle; includeInIndex = 0; path = QuizAppUITests.xctest; sourceTree = BUILT_PRODUCTS_DIR; };
		64AFA8192D3E3D6D00F51959 /* QuizAppUITests.swift */ = {isa = PBXFileReference; lastKnownFileType = sourcecode.swift; path = QuizAppUITests.swift; sourceTree = "<group>"; };
		64AFA81B2D3E3D6D00F51959 /* QuizAppUITestsLaunchTests.swift */ = {isa = PBXFileReference; lastKnownFileType = sourcecode.swift; path = QuizAppUITestsLaunchTests.swift; sourceTree = "<group>"; };
		64AFA8282D3E3DCC00F51959 /* QuizView.swift */ = {isa = PBXFileReference; lastKnownFileType = sourcecode.swift; path = QuizView.swift; sourceTree = "<group>"; };
		64AFA8392D3E423300F51959 /* QuizQuestion.swift */ = {isa = PBXFileReference; lastKnownFileType = sourcecode.swift; path = QuizQuestion.swift; sourceTree = "<group>"; };
		64AFA83B2D3E424500F51959 /* QuizViewModel.swift */ = {isa = PBXFileReference; lastKnownFileType = sourcecode.swift; path = QuizViewModel.swift; sourceTree = "<group>"; };
		64AFA83F2D3E47A200F51959 /* TimeView.swift */ = {isa = PBXFileReference; lastKnownFileType = sourcecode.swift; path = TimeView.swift; sourceTree = "<group>"; };
		64AFA8412D3E4D5B00F51959 /* CongratsAnimationView.swift */ = {isa = PBXFileReference; lastKnownFileType = sourcecode.swift; path = CongratsAnimationView.swift; sourceTree = "<group>"; };
		64AFA8442D3E4DB500F51959 /* Constants.swift */ = {isa = PBXFileReference; lastKnownFileType = sourcecode.swift; path = Constants.swift; sourceTree = "<group>"; };
		64AFA8462D3E4F9D00F51959 /* Background.swift */ = {isa = PBXFileReference; lastKnownFileType = sourcecode.swift; path = Background.swift; sourceTree = "<group>"; };
		64AFA8482D3E508200F51959 /* QuizView+Extension.swift */ = {isa = PBXFileReference; lastKnownFileType = sourcecode.swift; path = "QuizView+Extension.swift"; sourceTree = "<group>"; };
/* End PBXFileReference section */

/* Begin PBXFrameworksBuildPhase section */
		64AFA7F32D3E3D6C00F51959 /* Frameworks */ = {
			isa = PBXFrameworksBuildPhase;
			buildActionMask = 2147483647;
			files = (
			);
			runOnlyForDeploymentPostprocessing = 0;
		};
		64AFA8082D3E3D6D00F51959 /* Frameworks */ = {
			isa = PBXFrameworksBuildPhase;
			buildActionMask = 2147483647;
			files = (
			);
			runOnlyForDeploymentPostprocessing = 0;
		};
		64AFA8122D3E3D6D00F51959 /* Frameworks */ = {
			isa = PBXFrameworksBuildPhase;
			buildActionMask = 2147483647;
			files = (
			);
			runOnlyForDeploymentPostprocessing = 0;
		};
/* End PBXFrameworksBuildPhase section */

/* Begin PBXGroup section */
		64709ADB2D3FB9D400318E97 /* Serialization */ = {
			isa = PBXGroup;
			children = (
				64709AD72D3FAF2200318E97 /* quiz.json */,
			);
			path = Serialization;
			sourceTree = "<group>";
		};
		64709ADC2D3FB9DF00318E97 /* Assets */ = {
			isa = PBXGroup;
			children = (
				64AFA7FD2D3E3D6C00F51959 /* Assets.xcassets */,
			);
			path = Assets;
			sourceTree = "<group>";
		};
		64AFA7ED2D3E3D6C00F51959 = {
			isa = PBXGroup;
			children = (
				64AFA7F82D3E3D6C00F51959 /* QuizApp */,
				64AFA80E2D3E3D6D00F51959 /* QuizAppTests */,
				64AFA8182D3E3D6D00F51959 /* QuizAppUITests */,
				64AFA7F72D3E3D6C00F51959 /* Products */,
			);
			sourceTree = "<group>";
		};
		64AFA7F72D3E3D6C00F51959 /* Products */ = {
			isa = PBXGroup;
			children = (
				64AFA7F62D3E3D6C00F51959 /* QuizApp.app */,
				64AFA80B2D3E3D6D00F51959 /* QuizAppTests.xctest */,
				64AFA8152D3E3D6D00F51959 /* QuizAppUITests.xctest */,
			);
			name = Products;
			sourceTree = "<group>";
		};
		64AFA7F82D3E3D6C00F51959 /* QuizApp */ = {
			isa = PBXGroup;
			children = (
				64AFA82B2D3E3DEB00F51959 /* App */,
				64AFA8432D3E4DA400F51959 /* Helpers */,
				64AFA82C2D3E3E0700F51959 /* Resources */,
				64AFA84A2D3E51CB00F51959 /* Quiz */,
				64AFA8022D3E3D6C00F51959 /* Persistence.swift */,
				64AFA8042D3E3D6C00F51959 /* QuizApp.xcdatamodeld */,
				64AFA7FF2D3E3D6C00F51959 /* Preview Content */,
			);
			path = QuizApp;
			sourceTree = "<group>";
		};
		64AFA7FF2D3E3D6C00F51959 /* Preview Content */ = {
			isa = PBXGroup;
			children = (
				64AFA8002D3E3D6C00F51959 /* Preview Assets.xcassets */,
			);
			path = "Preview Content";
			sourceTree = "<group>";
		};
		64AFA80E2D3E3D6D00F51959 /* QuizAppTests */ = {
			isa = PBXGroup;
			children = (
				64AFA80F2D3E3D6D00F51959 /* QuizAppTests.swift */,
			);
			path = QuizAppTests;
			sourceTree = "<group>";
		};
		64AFA8182D3E3D6D00F51959 /* QuizAppUITests */ = {
			isa = PBXGroup;
			children = (
				64AFA8192D3E3D6D00F51959 /* QuizAppUITests.swift */,
				64AFA81B2D3E3D6D00F51959 /* QuizAppUITestsLaunchTests.swift */,
			);
			path = QuizAppUITests;
			sourceTree = "<group>";
		};
		64AFA82B2D3E3DEB00F51959 /* App */ = {
			isa = PBXGroup;
			children = (
				64AFA7F92D3E3D6C00F51959 /* QuizAppApp.swift */,
			);
			path = App;
			sourceTree = "<group>";
		};
		64AFA82C2D3E3E0700F51959 /* Resources */ = {
			isa = PBXGroup;
			children = (
				64709ADC2D3FB9DF00318E97 /* Assets */,
				64709ADB2D3FB9D400318E97 /* Serialization */,
			);
			path = Resources;
			sourceTree = "<group>";
		};
		64AFA82D2D3E3E1200F51959 /* Views */ = {
			isa = PBXGroup;
			children = (
				64AFA8282D3E3DCC00F51959 /* QuizView.swift */,
				64AFA83F2D3E47A200F51959 /* TimeView.swift */,
				64AFA8412D3E4D5B00F51959 /* CongratsAnimationView.swift */,
				64AFA8462D3E4F9D00F51959 /* Background.swift */,
				64AFA8482D3E508200F51959 /* QuizView+Extension.swift */,
				64709AD92D3FB62E00318E97 /* OverlayView.swift */,
			);
			path = Views;
			sourceTree = "<group>";
		};
		64AFA8372D3E41EC00F51959 /* Models */ = {
			isa = PBXGroup;
			children = (
				64AFA8392D3E423300F51959 /* QuizQuestion.swift */,
			);
			path = Models;
			sourceTree = "<group>";
		};
		64AFA8382D3E41F200F51959 /* ViewModel */ = {
			isa = PBXGroup;
			children = (
				64AFA83B2D3E424500F51959 /* QuizViewModel.swift */,
			);
			path = ViewModel;
			sourceTree = "<group>";
		};
		64AFA8432D3E4DA400F51959 /* Helpers */ = {
			isa = PBXGroup;
			children = (
				64AFA8442D3E4DB500F51959 /* Constants.swift */,
			);
			path = Helpers;
			sourceTree = "<group>";
		};
		64AFA84A2D3E51CB00F51959 /* Quiz */ = {
			isa = PBXGroup;
			children = (
				64AFA8382D3E41F200F51959 /* ViewModel */,
				64AFA8372D3E41EC00F51959 /* Models */,
				64AFA82D2D3E3E1200F51959 /* Views */,
			);
			path = Quiz;
			sourceTree = "<group>";
		};
/* End PBXGroup section */

/* Begin PBXNativeTarget section */
		64AFA7F52D3E3D6C00F51959 /* QuizApp */ = {
			isa = PBXNativeTarget;
			buildConfigurationList = 64AFA81F2D3E3D6D00F51959 /* Build configuration list for PBXNativeTarget "QuizApp" */;
			buildPhases = (
				64AFA7F22D3E3D6C00F51959 /* Sources */,
				64AFA7F32D3E3D6C00F51959 /* Frameworks */,
				64AFA7F42D3E3D6C00F51959 /* Resources */,
			);
			buildRules = (
			);
			dependencies = (
			);
			name = QuizApp;
			productName = QuizApp;
			productReference = 64AFA7F62D3E3D6C00F51959 /* QuizApp.app */;
			productType = "com.apple.product-type.application";
		};
		64AFA80A2D3E3D6D00F51959 /* QuizAppTests */ = {
			isa = PBXNativeTarget;
			buildConfigurationList = 64AFA8222D3E3D6D00F51959 /* Build configuration list for PBXNativeTarget "QuizAppTests" */;
			buildPhases = (
				64AFA8072D3E3D6D00F51959 /* Sources */,
				64AFA8082D3E3D6D00F51959 /* Frameworks */,
				64AFA8092D3E3D6D00F51959 /* Resources */,
			);
			buildRules = (
			);
			dependencies = (
				64AFA80D2D3E3D6D00F51959 /* PBXTargetDependency */,
			);
			name = QuizAppTests;
			productName = QuizAppTests;
			productReference = 64AFA80B2D3E3D6D00F51959 /* QuizAppTests.xctest */;
			productType = "com.apple.product-type.bundle.unit-test";
		};
		64AFA8142D3E3D6D00F51959 /* QuizAppUITests */ = {
			isa = PBXNativeTarget;
			buildConfigurationList = 64AFA8252D3E3D6D00F51959 /* Build configuration list for PBXNativeTarget "QuizAppUITests" */;
			buildPhases = (
				64AFA8112D3E3D6D00F51959 /* Sources */,
				64AFA8122D3E3D6D00F51959 /* Frameworks */,
				64AFA8132D3E3D6D00F51959 /* Resources */,
			);
			buildRules = (
			);
			dependencies = (
				64AFA8172D3E3D6D00F51959 /* PBXTargetDependency */,
			);
			name = QuizAppUITests;
			productName = QuizAppUITests;
			productReference = 64AFA8152D3E3D6D00F51959 /* QuizAppUITests.xctest */;
			productType = "com.apple.product-type.bundle.ui-testing";
		};
/* End PBXNativeTarget section */

/* Begin PBXProject section */
		64AFA7EE2D3E3D6C00F51959 /* Project object */ = {
			isa = PBXProject;
			attributes = {
				BuildIndependentTargetsInParallel = 1;
				LastSwiftUpdateCheck = 1530;
				LastUpgradeCheck = 1530;
				TargetAttributes = {
					64AFA7F52D3E3D6C00F51959 = {
						CreatedOnToolsVersion = 15.3;
					};
					64AFA80A2D3E3D6D00F51959 = {
						CreatedOnToolsVersion = 15.3;
						TestTargetID = 64AFA7F52D3E3D6C00F51959;
					};
					64AFA8142D3E3D6D00F51959 = {
						CreatedOnToolsVersion = 15.3;
						TestTargetID = 64AFA7F52D3E3D6C00F51959;
					};
				};
			};
			buildConfigurationList = 64AFA7F12D3E3D6C00F51959 /* Build configuration list for PBXProject "QuizApp" */;
			compatibilityVersion = "Xcode 14.0";
			developmentRegion = en;
			hasScannedForEncodings = 0;
			knownRegions = (
				en,
				Base,
			);
			mainGroup = 64AFA7ED2D3E3D6C00F51959;
			productRefGroup = 64AFA7F72D3E3D6C00F51959 /* Products */;
			projectDirPath = "";
			projectRoot = "";
			targets = (
				64AFA7F52D3E3D6C00F51959 /* QuizApp */,
				64AFA80A2D3E3D6D00F51959 /* QuizAppTests */,
				64AFA8142D3E3D6D00F51959 /* QuizAppUITests */,
			);
		};
/* End PBXProject section */

/* Begin PBXResourcesBuildPhase section */
		64AFA7F42D3E3D6C00F51959 /* Resources */ = {
			isa = PBXResourcesBuildPhase;
			buildActionMask = 2147483647;
			files = (
				64AFA8012D3E3D6C00F51959 /* Preview Assets.xcassets in Resources */,
				64AFA7FE2D3E3D6C00F51959 /* Assets.xcassets in Resources */,
				64709AD82D3FAF2200318E97 /* quiz.json in Resources */,
			);
			runOnlyForDeploymentPostprocessing = 0;
		};
		64AFA8092D3E3D6D00F51959 /* Resources */ = {
			isa = PBXResourcesBuildPhase;
			buildActionMask = 2147483647;
			files = (
			);
			runOnlyForDeploymentPostprocessing = 0;
		};
		64AFA8132D3E3D6D00F51959 /* Resources */ = {
			isa = PBXResourcesBuildPhase;
			buildActionMask = 2147483647;
			files = (
			);
			runOnlyForDeploymentPostprocessing = 0;
		};
/* End PBXResourcesBuildPhase section */

/* Begin PBXSourcesBuildPhase section */
		64AFA7F22D3E3D6C00F51959 /* Sources */ = {
			isa = PBXSourcesBuildPhase;
			buildActionMask = 2147483647;
			files = (
				64AFA8472D3E4F9D00F51959 /* Background.swift in Sources */,
				64AFA8032D3E3D6C00F51959 /* Persistence.swift in Sources */,
				64AFA8292D3E3DCC00F51959 /* QuizView.swift in Sources */,
				64AFA8422D3E4D5B00F51959 /* CongratsAnimationView.swift in Sources */,
				64AFA8062D3E3D6C00F51959 /* QuizApp.xcdatamodeld in Sources */,
				64AFA83C2D3E424500F51959 /* QuizViewModel.swift in Sources */,
				64AFA7FA2D3E3D6C00F51959 /* QuizAppApp.swift in Sources */,
				64AFA83A2D3E423300F51959 /* QuizQuestion.swift in Sources */,
				64AFA8492D3E508200F51959 /* QuizView+Extension.swift in Sources */,
				64709ADA2D3FB62E00318E97 /* OverlayView.swift in Sources */,
				64AFA8402D3E47A200F51959 /* TimeView.swift in Sources */,
				64AFA8452D3E4DB500F51959 /* Constants.swift in Sources */,
			);
			runOnlyForDeploymentPostprocessing = 0;
		};
		64AFA8072D3E3D6D00F51959 /* Sources */ = {
			isa = PBXSourcesBuildPhase;
			buildActionMask = 2147483647;
			files = (
				64AFA8102D3E3D6D00F51959 /* QuizAppTests.swift in Sources */,
			);
			runOnlyForDeploymentPostprocessing = 0;
		};
		64AFA8112D3E3D6D00F51959 /* Sources */ = {
			isa = PBXSourcesBuildPhase;
			buildActionMask = 2147483647;
			files = (
				64AFA81A2D3E3D6D00F51959 /* QuizAppUITests.swift in Sources */,
				64AFA81C2D3E3D6D00F51959 /* QuizAppUITestsLaunchTests.swift in Sources */,
			);
			runOnlyForDeploymentPostprocessing = 0;
		};
/* End PBXSourcesBuildPhase section */

/* Begin PBXTargetDependency section */
		64AFA80D2D3E3D6D00F51959 /* PBXTargetDependency */ = {
			isa = PBXTargetDependency;
			target = 64AFA7F52D3E3D6C00F51959 /* QuizApp */;
			targetProxy = 64AFA80C2D3E3D6D00F51959 /* PBXContainerItemProxy */;
		};
		64AFA8172D3E3D6D00F51959 /* PBXTargetDependency */ = {
			isa = PBXTargetDependency;
			target = 64AFA7F52D3E3D6C00F51959 /* QuizApp */;
			targetProxy = 64AFA8162D3E3D6D00F51959 /* PBXContainerItemProxy */;
		};
/* End PBXTargetDependency section */

/* Begin XCBuildConfiguration section */
		64AFA81D2D3E3D6D00F51959 /* Debug */ = {
			isa = XCBuildConfiguration;
			buildSettings = {
				ALWAYS_SEARCH_USER_PATHS = NO;
				ASSETCATALOG_COMPILER_GENERATE_SWIFT_ASSET_SYMBOL_EXTENSIONS = YES;
				CLANG_ANALYZER_NONNULL = YES;
				CLANG_ANALYZER_NUMBER_OBJECT_CONVERSION = YES_AGGRESSIVE;
				CLANG_CXX_LANGUAGE_STANDARD = "gnu++20";
				CLANG_ENABLE_MODULES = YES;
				CLANG_ENABLE_OBJC_ARC = YES;
				CLANG_ENABLE_OBJC_WEAK = YES;
				CLANG_WARN_BLOCK_CAPTURE_AUTORELEASING = YES;
				CLANG_WARN_BOOL_CONVERSION = YES;
				CLANG_WARN_COMMA = YES;
				CLANG_WARN_CONSTANT_CONVERSION = YES;
				CLANG_WARN_DEPRECATED_OBJC_IMPLEMENTATIONS = YES;
				CLANG_WARN_DIRECT_OBJC_ISA_USAGE = YES_ERROR;
				CLANG_WARN_DOCUMENTATION_COMMENTS = YES;
				CLANG_WARN_EMPTY_BODY = YES;
				CLANG_WARN_ENUM_CONVERSION = YES;
				CLANG_WARN_INFINITE_RECURSION = YES;
				CLANG_WARN_INT_CONVERSION = YES;
				CLANG_WARN_NON_LITERAL_NULL_CONVERSION = YES;
				CLANG_WARN_OBJC_IMPLICIT_RETAIN_SELF = YES;
				CLANG_WARN_OBJC_LITERAL_CONVERSION = YES;
				CLANG_WARN_OBJC_ROOT_CLASS = YES_ERROR;
				CLANG_WARN_QUOTED_INCLUDE_IN_FRAMEWORK_HEADER = YES;
				CLANG_WARN_RANGE_LOOP_ANALYSIS = YES;
				CLANG_WARN_STRICT_PROTOTYPES = YES;
				CLANG_WARN_SUSPICIOUS_MOVE = YES;
				CLANG_WARN_UNGUARDED_AVAILABILITY = YES_AGGRESSIVE;
				CLANG_WARN_UNREACHABLE_CODE = YES;
				CLANG_WARN__DUPLICATE_METHOD_MATCH = YES;
				COPY_PHASE_STRIP = NO;
				DEBUG_INFORMATION_FORMAT = dwarf;
				ENABLE_STRICT_OBJC_MSGSEND = YES;
				ENABLE_TESTABILITY = YES;
				ENABLE_USER_SCRIPT_SANDBOXING = YES;
				GCC_C_LANGUAGE_STANDARD = gnu17;
				GCC_DYNAMIC_NO_PIC = NO;
				GCC_NO_COMMON_BLOCKS = YES;
				GCC_OPTIMIZATION_LEVEL = 0;
				GCC_PREPROCESSOR_DEFINITIONS = (
					"DEBUG=1",
					"$(inherited)",
				);
				GCC_WARN_64_TO_32_BIT_CONVERSION = YES;
				GCC_WARN_ABOUT_RETURN_TYPE = YES_ERROR;
				GCC_WARN_UNDECLARED_SELECTOR = YES;
				GCC_WARN_UNINITIALIZED_AUTOS = YES_AGGRESSIVE;
				GCC_WARN_UNUSED_FUNCTION = YES;
				GCC_WARN_UNUSED_VARIABLE = YES;
				IPHONEOS_DEPLOYMENT_TARGET = 17.4;
				LOCALIZATION_PREFERS_STRING_CATALOGS = YES;
				MTL_ENABLE_DEBUG_INFO = INCLUDE_SOURCE;
				MTL_FAST_MATH = YES;
				ONLY_ACTIVE_ARCH = YES;
				SDKROOT = iphoneos;
				SWIFT_ACTIVE_COMPILATION_CONDITIONS = "DEBUG $(inherited)";
				SWIFT_OPTIMIZATION_LEVEL = "-Onone";
			};
			name = Debug;
		};
		64AFA81E2D3E3D6D00F51959 /* Release */ = {
			isa = XCBuildConfiguration;
			buildSettings = {
				ALWAYS_SEARCH_USER_PATHS = NO;
				ASSETCATALOG_COMPILER_GENERATE_SWIFT_ASSET_SYMBOL_EXTENSIONS = YES;
				CLANG_ANALYZER_NONNULL = YES;
				CLANG_ANALYZER_NUMBER_OBJECT_CONVERSION = YES_AGGRESSIVE;
				CLANG_CXX_LANGUAGE_STANDARD = "gnu++20";
				CLANG_ENABLE_MODULES = YES;
				CLANG_ENABLE_OBJC_ARC = YES;
				CLANG_ENABLE_OBJC_WEAK = YES;
				CLANG_WARN_BLOCK_CAPTURE_AUTORELEASING = YES;
				CLANG_WARN_BOOL_CONVERSION = YES;
				CLANG_WARN_COMMA = YES;
				CLANG_WARN_CONSTANT_CONVERSION = YES;
				CLANG_WARN_DEPRECATED_OBJC_IMPLEMENTATIONS = YES;
				CLANG_WARN_DIRECT_OBJC_ISA_USAGE = YES_ERROR;
				CLANG_WARN_DOCUMENTATION_COMMENTS = YES;
				CLANG_WARN_EMPTY_BODY = YES;
				CLANG_WARN_ENUM_CONVERSION = YES;
				CLANG_WARN_INFINITE_RECURSION = YES;
				CLANG_WARN_INT_CONVERSION = YES;
				CLANG_WARN_NON_LITERAL_NULL_CONVERSION = YES;
				CLANG_WARN_OBJC_IMPLICIT_RETAIN_SELF = YES;
				CLANG_WARN_OBJC_LITERAL_CONVERSION = YES;
				CLANG_WARN_OBJC_ROOT_CLASS = YES_ERROR;
				CLANG_WARN_QUOTED_INCLUDE_IN_FRAMEWORK_HEADER = YES;
				CLANG_WARN_RANGE_LOOP_ANALYSIS = YES;
				CLANG_WARN_STRICT_PROTOTYPES = YES;
				CLANG_WARN_SUSPICIOUS_MOVE = YES;
				CLANG_WARN_UNGUARDED_AVAILABILITY = YES_AGGRESSIVE;
				CLANG_WARN_UNREACHABLE_CODE = YES;
				CLANG_WARN__DUPLICATE_METHOD_MATCH = YES;
				COPY_PHASE_STRIP = NO;
				DEBUG_INFORMATION_FORMAT = "dwarf-with-dsym";
				ENABLE_NS_ASSERTIONS = NO;
				ENABLE_STRICT_OBJC_MSGSEND = YES;
				ENABLE_USER_SCRIPT_SANDBOXING = YES;
				GCC_C_LANGUAGE_STANDARD = gnu17;
				GCC_NO_COMMON_BLOCKS = YES;
				GCC_WARN_64_TO_32_BIT_CONVERSION = YES;
				GCC_WARN_ABOUT_RETURN_TYPE = YES_ERROR;
				GCC_WARN_UNDECLARED_SELECTOR = YES;
				GCC_WARN_UNINITIALIZED_AUTOS = YES_AGGRESSIVE;
				GCC_WARN_UNUSED_FUNCTION = YES;
				GCC_WARN_UNUSED_VARIABLE = YES;
				IPHONEOS_DEPLOYMENT_TARGET = 17.4;
				LOCALIZATION_PREFERS_STRING_CATALOGS = YES;
				MTL_ENABLE_DEBUG_INFO = NO;
				MTL_FAST_MATH = YES;
				SDKROOT = iphoneos;
				SWIFT_COMPILATION_MODE = wholemodule;
				VALIDATE_PRODUCT = YES;
			};
			name = Release;
		};
		64AFA8202D3E3D6D00F51959 /* Debug */ = {
			isa = XCBuildConfiguration;
			buildSettings = {
				ASSETCATALOG_COMPILER_APPICON_NAME = AppIcon;
				ASSETCATALOG_COMPILER_GLOBAL_ACCENT_COLOR_NAME = AccentColor;
				CODE_SIGN_STYLE = Manual;
				CURRENT_PROJECT_VERSION = 1;
				DEVELOPMENT_ASSET_PATHS = "\"QuizApp/Preview Content\"";
				DEVELOPMENT_TEAM = "";
				ENABLE_PREVIEWS = YES;
				GENERATE_INFOPLIST_FILE = YES;
				INFOPLIST_KEY_UIApplicationSceneManifest_Generation = YES;
				INFOPLIST_KEY_UIApplicationSupportsIndirectInputEvents = YES;
				INFOPLIST_KEY_UILaunchScreen_Generation = YES;
				INFOPLIST_KEY_UISupportedInterfaceOrientations_iPad = "UIInterfaceOrientationPortrait UIInterfaceOrientationPortraitUpsideDown UIInterfaceOrientationLandscapeLeft UIInterfaceOrientationLandscapeRight";
				INFOPLIST_KEY_UISupportedInterfaceOrientations_iPhone = "UIInterfaceOrientationPortrait UIInterfaceOrientationLandscapeLeft UIInterfaceOrientationLandscapeRight";
				LD_RUNPATH_SEARCH_PATHS = (
					"$(inherited)",
					"@executable_path/Frameworks",
				);
				MARKETING_VERSION = 1.0;
				PRODUCT_BUNDLE_IDENTIFIER = "Harsh-Prajapat.QuizApp";
				PRODUCT_NAME = "$(TARGET_NAME)";
				PROVISIONING_PROFILE_SPECIFIER = "";
				SWIFT_EMIT_LOC_STRINGS = YES;
				SWIFT_VERSION = 5.0;
				TARGETED_DEVICE_FAMILY = "1,2";
			};
			name = Debug;
		};
		64AFA8212D3E3D6D00F51959 /* Release */ = {
			isa = XCBuildConfiguration;
			buildSettings = {
				ASSETCATALOG_COMPILER_APPICON_NAME = AppIcon;
				ASSETCATALOG_COMPILER_GLOBAL_ACCENT_COLOR_NAME = AccentColor;
				CODE_SIGN_STYLE = Manual;
				CURRENT_PROJECT_VERSION = 1;
				DEVELOPMENT_ASSET_PATHS = "\"QuizApp/Preview Content\"";
				DEVELOPMENT_TEAM = "";
				ENABLE_PREVIEWS = YES;
				GENERATE_INFOPLIST_FILE = YES;
				INFOPLIST_KEY_UIApplicationSceneManifest_Generation = YES;
				INFOPLIST_KEY_UIApplicationSupportsIndirectInputEvents = YES;
				INFOPLIST_KEY_UILaunchScreen_Generation = YES;
				INFOPLIST_KEY_UISupportedInterfaceOrientations_iPad = "UIInterfaceOrientationPortrait UIInterfaceOrientationPortraitUpsideDown UIInterfaceOrientationLandscapeLeft UIInterfaceOrientationLandscapeRight";
				INFOPLIST_KEY_UISupportedInterfaceOrientations_iPhone = "UIInterfaceOrientationPortrait UIInterfaceOrientationLandscapeLeft UIInterfaceOrientationLandscapeRight";
				LD_RUNPATH_SEARCH_PATHS = (
					"$(inherited)",
					"@executable_path/Frameworks",
				);
				MARKETING_VERSION = 1.0;
				PRODUCT_BUNDLE_IDENTIFIER = "Harsh-Prajapat.QuizApp";
				PRODUCT_NAME = "$(TARGET_NAME)";
				PROVISIONING_PROFILE_SPECIFIER = "";
				SWIFT_EMIT_LOC_STRINGS = YES;
				SWIFT_VERSION = 5.0;
				TARGETED_DEVICE_FAMILY = "1,2";
			};
			name = Release;
		};
		64AFA8232D3E3D6D00F51959 /* Debug */ = {
			isa = XCBuildConfiguration;
			buildSettings = {
				ALWAYS_EMBED_SWIFT_STANDARD_LIBRARIES = YES;
				BUNDLE_LOADER = "$(TEST_HOST)";
				CODE_SIGN_STYLE = Automatic;
				CURRENT_PROJECT_VERSION = 1;
				GENERATE_INFOPLIST_FILE = YES;
				IPHONEOS_DEPLOYMENT_TARGET = 17.4;
				MARKETING_VERSION = 1.0;
				PRODUCT_BUNDLE_IDENTIFIER = "Harsh-Prajapat.QuizAppTests";
				PRODUCT_NAME = "$(TARGET_NAME)";
				SWIFT_EMIT_LOC_STRINGS = NO;
				SWIFT_VERSION = 5.0;
				TARGETED_DEVICE_FAMILY = "1,2";
				TEST_HOST = "$(BUILT_PRODUCTS_DIR)/QuizApp.app/$(BUNDLE_EXECUTABLE_FOLDER_PATH)/QuizApp";
			};
			name = Debug;
		};
		64AFA8242D3E3D6D00F51959 /* Release */ = {
			isa = XCBuildConfiguration;
			buildSettings = {
				ALWAYS_EMBED_SWIFT_STANDARD_LIBRARIES = YES;
				BUNDLE_LOADER = "$(TEST_HOST)";
				CODE_SIGN_STYLE = Automatic;
				CURRENT_PROJECT_VERSION = 1;
				GENERATE_INFOPLIST_FILE = YES;
				IPHONEOS_DEPLOYMENT_TARGET = 17.4;
				MARKETING_VERSION = 1.0;
				PRODUCT_BUNDLE_IDENTIFIER = "Harsh-Prajapat.QuizAppTests";
				PRODUCT_NAME = "$(TARGET_NAME)";
				SWIFT_EMIT_LOC_STRINGS = NO;
				SWIFT_VERSION = 5.0;
				TARGETED_DEVICE_FAMILY = "1,2";
				TEST_HOST = "$(BUILT_PRODUCTS_DIR)/QuizApp.app/$(BUNDLE_EXECUTABLE_FOLDER_PATH)/QuizApp";
			};
			name = Release;
		};
		64AFA8262D3E3D6D00F51959 /* Debug */ = {
			isa = XCBuildConfiguration;
			buildSettings = {
				ALWAYS_EMBED_SWIFT_STANDARD_LIBRARIES = YES;
				CODE_SIGN_STYLE = Automatic;
				CURRENT_PROJECT_VERSION = 1;
				GENERATE_INFOPLIST_FILE = YES;
				MARKETING_VERSION = 1.0;
				PRODUCT_BUNDLE_IDENTIFIER = "Harsh-Prajapat.QuizAppUITests";
				PRODUCT_NAME = "$(TARGET_NAME)";
				SWIFT_EMIT_LOC_STRINGS = NO;
				SWIFT_VERSION = 5.0;
				TARGETED_DEVICE_FAMILY = "1,2";
				TEST_TARGET_NAME = QuizApp;
			};
			name = Debug;
		};
		64AFA8272D3E3D6D00F51959 /* Release */ = {
			isa = XCBuildConfiguration;
			buildSettings = {
				ALWAYS_EMBED_SWIFT_STANDARD_LIBRARIES = YES;
				CODE_SIGN_STYLE = Automatic;
				CURRENT_PROJECT_VERSION = 1;
				GENERATE_INFOPLIST_FILE = YES;
				MARKETING_VERSION = 1.0;
				PRODUCT_BUNDLE_IDENTIFIER = "Harsh-Prajapat.QuizAppUITests";
				PRODUCT_NAME = "$(TARGET_NAME)";
				SWIFT_EMIT_LOC_STRINGS = NO;
				SWIFT_VERSION = 5.0;
				TARGETED_DEVICE_FAMILY = "1,2";
				TEST_TARGET_NAME = QuizApp;
			};
			name = Release;
		};
/* End XCBuildConfiguration section */

/* Begin XCConfigurationList section */
		64AFA7F12D3E3D6C00F51959 /* Build configuration list for PBXProject "QuizApp" */ = {
			isa = XCConfigurationList;
			buildConfigurations = (
				64AFA81D2D3E3D6D00F51959 /* Debug */,
				64AFA81E2D3E3D6D00F51959 /* Release */,
			);
			defaultConfigurationIsVisible = 0;
			defaultConfigurationName = Release;
		};
		64AFA81F2D3E3D6D00F51959 /* Build configuration list for PBXNativeTarget "QuizApp" */ = {
			isa = XCConfigurationList;
			buildConfigurations = (
				64AFA8202D3E3D6D00F51959 /* Debug */,
				64AFA8212D3E3D6D00F51959 /* Release */,
			);
			defaultConfigurationIsVisible = 0;
			defaultConfigurationName = Release;
		};
		64AFA8222D3E3D6D00F51959 /* Build configuration list for PBXNativeTarget "QuizAppTests" */ = {
			isa = XCConfigurationList;
			buildConfigurations = (
				64AFA8232D3E3D6D00F51959 /* Debug */,
				64AFA8242D3E3D6D00F51959 /* Release */,
			);
			defaultConfigurationIsVisible = 0;
			defaultConfigurationName = Release;
		};
		64AFA8252D3E3D6D00F51959 /* Build configuration list for PBXNativeTarget "QuizAppUITests" */ = {
			isa = XCConfigurationList;
			buildConfigurations = (
				64AFA8262D3E3D6D00F51959 /* Debug */,
				64AFA8272D3E3D6D00F51959 /* Release */,
			);
			defaultConfigurationIsVisible = 0;
			defaultConfigurationName = Release;
		};
/* End XCConfigurationList section */

/* Begin XCVersionGroup section */
		64AFA8042D3E3D6C00F51959 /* QuizApp.xcdatamodeld */ = {
			isa = XCVersionGroup;
			children = (
				64AFA8052D3E3D6C00F51959 /* QuizApp.xcdatamodel */,
			);
			currentVersion = 64AFA8052D3E3D6C00F51959 /* QuizApp.xcdatamodel */;
			path = QuizApp.xcdatamodeld;
			sourceTree = "<group>";
			versionGroupType = wrapper.xcdatamodel;
		};
/* End XCVersionGroup section */
	};
	rootObject = 64AFA7EE2D3E3D6C00F51959 /* Project object */;
}
